// !$*UTF8*$!
{
	archiveVersion = 1;
	classes = {
	};
	objectVersion = 50;
	objects = {

/* Begin PBXBuildFile section */
		5B5BBA3E23D7FBBE00FC89A1 /* AppDelegate.swift in Sources */ = {isa = PBXBuildFile; fileRef = 5B5BBA3D23D7FBBE00FC89A1 /* AppDelegate.swift */; };
		5B5BBA4023D7FBBE00FC89A1 /* SceneDelegate.swift in Sources */ = {isa = PBXBuildFile; fileRef = 5B5BBA3F23D7FBBE00FC89A1 /* SceneDelegate.swift */; };
		5B5BBA4223D7FBBE00FC89A1 /* RegistrationFormViewController.swift in Sources */ = {isa = PBXBuildFile; fileRef = 5B5BBA4123D7FBBE00FC89A1 /* RegistrationFormViewController.swift */; };
		5B5BBA4523D7FBBE00FC89A1 /* Main.storyboard in Resources */ = {isa = PBXBuildFile; fileRef = 5B5BBA4323D7FBBE00FC89A1 /* Main.storyboard */; };
		5B5BBA4723D7FBC400FC89A1 /* Assets.xcassets in Resources */ = {isa = PBXBuildFile; fileRef = 5B5BBA4623D7FBC400FC89A1 /* Assets.xcassets */; };
		5B5BBA4A23D7FBC400FC89A1 /* LaunchScreen.storyboard in Resources */ = {isa = PBXBuildFile; fileRef = 5B5BBA4823D7FBC400FC89A1 /* LaunchScreen.storyboard */; };
		5B5BBA5723D8004900FC89A1 /* RegistrationFormViewModel.swift in Sources */ = {isa = PBXBuildFile; fileRef = 5B5BBA5623D8004900FC89A1 /* RegistrationFormViewModel.swift */; };
/* End PBXBuildFile section */

/* Begin PBXFileReference section */
		5B5BBA3A23D7FBBE00FC89A1 /* TestRegistraionForm.app */ = {isa = PBXFileReference; explicitFileType = wrapper.application; includeInIndex = 0; path = TestRegistraionForm.app; sourceTree = BUILT_PRODUCTS_DIR; };
		5B5BBA3D23D7FBBE00FC89A1 /* AppDelegate.swift */ = {isa = PBXFileReference; lastKnownFileType = sourcecode.swift; path = AppDelegate.swift; sourceTree = "<group>"; };
		5B5BBA3F23D7FBBE00FC89A1 /* SceneDelegate.swift */ = {isa = PBXFileReference; lastKnownFileType = sourcecode.swift; path = SceneDelegate.swift; sourceTree = "<group>"; };
		5B5BBA4123D7FBBE00FC89A1 /* RegistrationFormViewController.swift */ = {isa = PBXFileReference; lastKnownFileType = sourcecode.swift; path = RegistrationFormViewController.swift; sourceTree = "<group>"; };
		5B5BBA4423D7FBBE00FC89A1 /* Base */ = {isa = PBXFileReference; lastKnownFileType = file.storyboard; name = Base; path = Base.lproj/Main.storyboard; sourceTree = "<group>"; };
		5B5BBA4623D7FBC400FC89A1 /* Assets.xcassets */ = {isa = PBXFileReference; lastKnownFileType = folder.assetcatalog; path = Assets.xcassets; sourceTree = "<group>"; };
		5B5BBA4923D7FBC400FC89A1 /* Base */ = {isa = PBXFileReference; lastKnownFileType = file.storyboard; name = Base; path = Base.lproj/LaunchScreen.storyboard; sourceTree = "<group>"; };
		5B5BBA4B23D7FBC400FC89A1 /* Info.plist */ = {isa = PBXFileReference; lastKnownFileType = text.plist.xml; path = Info.plist; sourceTree = "<group>"; };
		5B5BBA5623D8004900FC89A1 /* RegistrationFormViewModel.swift */ = {isa = PBXFileReference; lastKnownFileType = sourcecode.swift; path = RegistrationFormViewModel.swift; sourceTree = "<group>"; };
/* End PBXFileReference section */

/* Begin PBXFrameworksBuildPhase section */
		5B5BBA3723D7FBBE00FC89A1 /* Frameworks */ = {
			isa = PBXFrameworksBuildPhase;
			buildActionMask = 2147483647;
			files = (
			);
			runOnlyForDeploymentPostprocessing = 0;
		};
/* End PBXFrameworksBuildPhase section */

/* Begin PBXGroup section */
		5B5BBA3123D7FBBE00FC89A1 = {
			isa = PBXGroup;
			children = (
				5B5BBA3C23D7FBBE00FC89A1 /* TestRegistraionForm */,
				5B5BBA3B23D7FBBE00FC89A1 /* Products */,
			);
			sourceTree = "<group>";
		};
		5B5BBA3B23D7FBBE00FC89A1 /* Products */ = {
			isa = PBXGroup;
			children = (
				5B5BBA3A23D7FBBE00FC89A1 /* TestRegistraionForm.app */,
			);
			name = Products;
			sourceTree = "<group>";
		};
		5B5BBA3C23D7FBBE00FC89A1 /* TestRegistraionForm */ = {
			isa = PBXGroup;
			children = (
				5B5BBA5123D7FFFC00FC89A1 /* module */,
				5B5BBA3D23D7FBBE00FC89A1 /* AppDelegate.swift */,
				5B5BBA3F23D7FBBE00FC89A1 /* SceneDelegate.swift */,
				5B5BBA4323D7FBBE00FC89A1 /* Main.storyboard */,
				5B5BBA4623D7FBC400FC89A1 /* Assets.xcassets */,
				5B5BBA4823D7FBC400FC89A1 /* LaunchScreen.storyboard */,
				5B5BBA4B23D7FBC400FC89A1 /* Info.plist */,
			);
			path = TestRegistraionForm;
			sourceTree = "<group>";
		};
		5B5BBA5123D7FFFC00FC89A1 /* module */ = {
			isa = PBXGroup;
			children = (
				5B5BBA5223D8000300FC89A1 /* Registration */,
			);
			path = module;
			sourceTree = "<group>";
		};
		5B5BBA5223D8000300FC89A1 /* Registration */ = {
			isa = PBXGroup;
			children = (
				5B5BBA5523D8002900FC89A1 /* Model */,
				5B5BBA5423D8001F00FC89A1 /* ViewModel */,
				5B5BBA5323D8001200FC89A1 /* View */,
			);
			path = Registration;
			sourceTree = "<group>";
		};
		5B5BBA5323D8001200FC89A1 /* View */ = {
			isa = PBXGroup;
			children = (
				5B5BBA4123D7FBBE00FC89A1 /* RegistrationFormViewController.swift */,
			);
			path = View;
			sourceTree = "<group>";
		};
		5B5BBA5423D8001F00FC89A1 /* ViewModel */ = {
			isa = PBXGroup;
			children = (
				5B5BBA5623D8004900FC89A1 /* RegistrationFormViewModel.swift */,
			);
			path = ViewModel;
			sourceTree = "<group>";
		};
		5B5BBA5523D8002900FC89A1 /* Model */ = {
			isa = PBXGroup;
			children = (
			);
			path = Model;
			sourceTree = "<group>";
		};
/* End PBXGroup section */

/* Begin PBXNativeTarget section */
		5B5BBA3923D7FBBE00FC89A1 /* TestRegistraionForm */ = {
			isa = PBXNativeTarget;
			buildConfigurationList = 5B5BBA4E23D7FBC400FC89A1 /* Build configuration list for PBXNativeTarget "TestRegistraionForm" */;
			buildPhases = (
				5B5BBA3623D7FBBE00FC89A1 /* Sources */,
				5B5BBA3723D7FBBE00FC89A1 /* Frameworks */,
				5B5BBA3823D7FBBE00FC89A1 /* Resources */,
			);
			buildRules = (
			);
			dependencies = (
			);
			name = TestRegistraionForm;
			productName = TestRegistraionForm;
			productReference = 5B5BBA3A23D7FBBE00FC89A1 /* TestRegistraionForm.app */;
			productType = "com.apple.product-type.application";
		};
/* End PBXNativeTarget section */

/* Begin PBXProject section */
		5B5BBA3223D7FBBE00FC89A1 /* Project object */ = {
			isa = PBXProject;
			attributes = {
				LastSwiftUpdateCheck = 1110;
				LastUpgradeCheck = 1110;
				ORGANIZATIONNAME = "Shubham Garg";
				TargetAttributes = {
					5B5BBA3923D7FBBE00FC89A1 = {
						CreatedOnToolsVersion = 11.1;
					};
				};
			};
			buildConfigurationList = 5B5BBA3523D7FBBE00FC89A1 /* Build configuration list for PBXProject "TestRegistraionForm" */;
			compatibilityVersion = "Xcode 9.3";
			developmentRegion = en;
			hasScannedForEncodings = 0;
			knownRegions = (
				en,
				Base,
			);
			mainGroup = 5B5BBA3123D7FBBE00FC89A1;
			productRefGroup = 5B5BBA3B23D7FBBE00FC89A1 /* Products */;
			projectDirPath = "";
			projectRoot = "";
			targets = (
				5B5BBA3923D7FBBE00FC89A1 /* TestRegistraionForm */,
			);
		};
/* End PBXProject section */

/* Begin PBXResourcesBuildPhase section */
		5B5BBA3823D7FBBE00FC89A1 /* Resources */ = {
			isa = PBXResourcesBuildPhase;
			buildActionMask = 2147483647;
			files = (
				5B5BBA4A23D7FBC400FC89A1 /* LaunchScreen.storyboard in Resources */,
				5B5BBA4723D7FBC400FC89A1 /* Assets.xcassets in Resources */,
				5B5BBA4523D7FBBE00FC89A1 /* Main.storyboard in Resources */,
			);
			runOnlyForDeploymentPostprocessing = 0;
		};
/* End PBXResourcesBuildPhase section */

/* Begin PBXSourcesBuildPhase section */
		5B5BBA3623D7FBBE00FC89A1 /* Sources */ = {
			isa = PBXSourcesBuildPhase;
			buildActionMask = 2147483647;
			files = (
				5B5BBA4223D7FBBE00FC89A1 /* RegistrationFormViewController.swift in Sources */,
				5B5BBA5723D8004900FC89A1 /* RegistrationFormViewModel.swift in Sources */,
				5B5BBA3E23D7FBBE00FC89A1 /* AppDelegate.swift in Sources */,
				5B5BBA4023D7FBBE00FC89A1 /* SceneDelegate.swift in Sources */,
			);
			runOnlyForDeploymentPostprocessing = 0;
		};
/* End PBXSourcesBuildPhase section */

/* Begin PBXVariantGroup section */
		5B5BBA4323D7FBBE00FC89A1 /* Main.storyboard */ = {
			isa = PBXVariantGroup;
			children = (
				5B5BBA4423D7FBBE00FC89A1 /* Base */,
			);
			name = Main.storyboard;
			sourceTree = "<group>";
		};
		5B5BBA4823D7FBC400FC89A1 /* LaunchScreen.storyboard */ = {
			isa = PBXVariantGroup;
			children = (
				5B5BBA4923D7FBC400FC89A1 /* Base */,
			);
			name = LaunchScreen.storyboard;
			sourceTree = "<group>";
		};
/* End PBXVariantGroup section */

/* Begin XCBuildConfiguration section */
		5B5BBA4C23D7FBC400FC89A1 /* Debug */ = {
			isa = XCBuildConfiguration;
			buildSettings = {
				ALWAYS_SEARCH_USER_PATHS = NO;
				CLANG_ANALYZER_NONNULL = YES;
				CLANG_ANALYZER_NUMBER_OBJECT_CONVERSION = YES_AGGRESSIVE;
				CLANG_CXX_LANGUAGE_STANDARD = "gnu++14";
				CLANG_CXX_LIBRARY = "libc++";
				CLANG_ENABLE_MODULES = YES;
				CLANG_ENABLE_OBJC_ARC = YES;
				CLANG_ENABLE_OBJC_WEAK = YES;
				CLANG_WARN_BLOCK_CAPTURE_AUTORELEASING = YES;
				CLANG_WARN_BOOL_CONVERSION = YES;
				CLANG_WARN_COMMA = YES;
				CLANG_WARN_CONSTANT_CONVERSION = YES;
				CLANG_WARN_DEPRECATED_OBJC_IMPLEMENTATIONS = YES;
				CLANG_WARN_DIRECT_OBJC_ISA_USAGE = YES_ERROR;
				CLANG_WARN_DOCUMENTATION_COMMENTS = YES;
				CLANG_WARN_EMPTY_BODY = YES;
				CLANG_WARN_ENUM_CONVERSION = YES;
				CLANG_WARN_INFINITE_RECURSION = YES;
				CLANG_WARN_INT_CONVERSION = YES;
				CLANG_WARN_NON_LITERAL_NULL_CONVERSION = YES;
				CLANG_WARN_OBJC_IMPLICIT_RETAIN_SELF = YES;
				CLANG_WARN_OBJC_LITERAL_CONVERSION = YES;
				CLANG_WARN_OBJC_ROOT_CLASS = YES_ERROR;
				CLANG_WARN_RANGE_LOOP_ANALYSIS = YES;
				CLANG_WARN_STRICT_PROTOTYPES = YES;
				CLANG_WARN_SUSPICIOUS_MOVE = YES;
				CLANG_WARN_UNGUARDED_AVAILABILITY = YES_AGGRESSIVE;
				CLANG_WARN_UNREACHABLE_CODE = YES;
				CLANG_WARN__DUPLICATE_METHOD_MATCH = YES;
				COPY_PHASE_STRIP = NO;
				DEBUG_INFORMATION_FORMAT = dwarf;
				ENABLE_STRICT_OBJC_MSGSEND = YES;
				ENABLE_TESTABILITY = YES;
				GCC_C_LANGUAGE_STANDARD = gnu11;
				GCC_DYNAMIC_NO_PIC = NO;
				GCC_NO_COMMON_BLOCKS = YES;
				GCC_OPTIMIZATION_LEVEL = 0;
				GCC_PREPROCESSOR_DEFINITIONS = (
					"DEBUG=1",
					"$(inherited)",
				);
				GCC_WARN_64_TO_32_BIT_CONVERSION = YES;
				GCC_WARN_ABOUT_RETURN_TYPE = YES_ERROR;
				GCC_WARN_UNDECLARED_SELECTOR = YES;
				GCC_WARN_UNINITIALIZED_AUTOS = YES_AGGRESSIVE;
				GCC_WARN_UNUSED_FUNCTION = YES;
				GCC_WARN_UNUSED_VARIABLE = YES;
				IPHONEOS_DEPLOYMENT_TARGET = 13.1;
				MTL_ENABLE_DEBUG_INFO = INCLUDE_SOURCE;
				MTL_FAST_MATH = YES;
				ONLY_ACTIVE_ARCH = YES;
				SDKROOT = iphoneos;
				SWIFT_ACTIVE_COMPILATION_CONDITIONS = DEBUG;
				SWIFT_OPTIMIZATION_LEVEL = "-Onone";
			};
			name = Debug;
		};
		5B5BBA4D23D7FBC400FC89A1 /* Release */ = {
			isa = XCBuildConfiguration;
			buildSettings = {
				ALWAYS_SEARCH_USER_PATHS = NO;
				CLANG_ANALYZER_NONNULL = YES;
				CLANG_ANALYZER_NUMBER_OBJECT_CONVERSION = YES_AGGRESSIVE;
				CLANG_CXX_LANGUAGE_STANDARD = "gnu++14";
				CLANG_CXX_LIBRARY = "libc++";
				CLANG_ENABLE_MODULES = YES;
				CLANG_ENABLE_OBJC_ARC = YES;
				CLANG_ENABLE_OBJC_WEAK = YES;
				CLANG_WARN_BLOCK_CAPTURE_AUTORELEASING = YES;
				CLANG_WARN_BOOL_CONVERSION = YES;
				CLANG_WARN_COMMA = YES;
				CLANG_WARN_CONSTANT_CONVERSION = YES;
				CLANG_WARN_DEPRECATED_OBJC_IMPLEMENTATIONS = YES;
				CLANG_WARN_DIRECT_OBJC_ISA_USAGE = YES_ERROR;
				CLANG_WARN_DOCUMENTATION_COMMENTS = YES;
				CLANG_WARN_EMPTY_BODY = YES;
				CLANG_WARN_ENUM_CONVERSION = YES;
				CLANG_WARN_INFINITE_RECURSION = YES;
				CLANG_WARN_INT_CONVERSION = YES;
				CLANG_WARN_NON_LITERAL_NULL_CONVERSION = YES;
				CLANG_WARN_OBJC_IMPLICIT_RETAIN_SELF = YES;
				CLANG_WARN_OBJC_LITERAL_CONVERSION = YES;
				CLANG_WARN_OBJC_ROOT_CLASS = YES_ERROR;
				CLANG_WARN_RANGE_LOOP_ANALYSIS = YES;
				CLANG_WARN_STRICT_PROTOTYPES = YES;
				CLANG_WARN_SUSPICIOUS_MOVE = YES;
				CLANG_WARN_UNGUARDED_AVAILABILITY = YES_AGGRESSIVE;
				CLANG_WARN_UNREACHABLE_CODE = YES;
				CLANG_WARN__DUPLICATE_METHOD_MATCH = YES;
				COPY_PHASE_STRIP = NO;
				DEBUG_INFORMATION_FORMAT = "dwarf-with-dsym";
				ENABLE_NS_ASSERTIONS = NO;
				ENABLE_STRICT_OBJC_MSGSEND = YES;
				GCC_C_LANGUAGE_STANDARD = gnu11;
				GCC_NO_COMMON_BLOCKS = YES;
				GCC_WARN_64_TO_32_BIT_CONVERSION = YES;
				GCC_WARN_ABOUT_RETURN_TYPE = YES_ERROR;
				GCC_WARN_UNDECLARED_SELECTOR = YES;
				GCC_WARN_UNINITIALIZED_AUTOS = YES_AGGRESSIVE;
				GCC_WARN_UNUSED_FUNCTION = YES;
				GCC_WARN_UNUSED_VARIABLE = YES;
				IPHONEOS_DEPLOYMENT_TARGET = 13.1;
				MTL_ENABLE_DEBUG_INFO = NO;
				MTL_FAST_MATH = YES;
				SDKROOT = iphoneos;
				SWIFT_COMPILATION_MODE = wholemodule;
				SWIFT_OPTIMIZATION_LEVEL = "-O";
				VALIDATE_PRODUCT = YES;
			};
			name = Release;
		};
		5B5BBA4F23D7FBC400FC89A1 /* Debug */ = {
			isa = XCBuildConfiguration;
			buildSettings = {
				ASSETCATALOG_COMPILER_APPICON_NAME = AppIcon;
				CODE_SIGN_STYLE = Automatic;
				INFOPLIST_FILE = TestRegistraionForm/Info.plist;
				LD_RUNPATH_SEARCH_PATHS = (
					"$(inherited)",
					"@executable_path/Frameworks",
				);
				PRODUCT_BUNDLE_IDENTIFIER = com.shubham.TestRegistraionForm;
				PRODUCT_NAME = "$(TARGET_NAME)";
				SWIFT_VERSION = 5.0;
				TARGETED_DEVICE_FAMILY = "1,2";
			};
			name = Debug;
		};
		5B5BBA5023D7FBC400FC89A1 /* Release */ = {
			isa = XCBuildConfiguration;
			buildSettings = {
				ASSETCATALOG_COMPILER_APPICON_NAME = AppIcon;
				CODE_SIGN_STYLE = Automatic;
				INFOPLIST_FILE = TestRegistraionForm/Info.plist;
				LD_RUNPATH_SEARCH_PATHS = (
					"$(inherited)",
					"@executable_path/Frameworks",
				);
				PRODUCT_BUNDLE_IDENTIFIER = com.shubham.TestRegistraionForm;
				PRODUCT_NAME = "$(TARGET_NAME)";
				SWIFT_VERSION = 5.0;
				TARGETED_DEVICE_FAMILY = "1,2";
			};
			name = Release;
		};
/* End XCBuildConfiguration section */

/* Begin XCConfigurationList section */
		5B5BBA3523D7FBBE00FC89A1 /* Build configuration list for PBXProject "TestRegistraionForm" */ = {
			isa = XCConfigurationList;
			buildConfigurations = (
				5B5BBA4C23D7FBC400FC89A1 /* Debug */,
				5B5BBA4D23D7FBC400FC89A1 /* Release */,
			);
			defaultConfigurationIsVisible = 0;
			defaultConfigurationName = Release;
		};
		5B5BBA4E23D7FBC400FC89A1 /* Build configuration list for PBXNativeTarget "TestRegistraionForm" */ = {
			isa = XCConfigurationList;
			buildConfigurations = (
				5B5BBA4F23D7FBC400FC89A1 /* Debug */,
				5B5BBA5023D7FBC400FC89A1 /* Release */,
			);
			defaultConfigurationIsVisible = 0;
			defaultConfigurationName = Release;
		};
/* End XCConfigurationList section */
	};
	rootObject = 5B5BBA3223D7FBBE00FC89A1 /* Project object */;
}
